
Microsoft Visual Studio Solution File, Format Version 12.00
# Visual Studio Version 17
VisualStudioVersion = 17.9.34714.143
MinimumVisualStudioVersion = 10.0.40219.1
Project("{8BC9CEB8-8B4A-11D0-8D11-00A0C91BC942}") = "ex3.2", "ex3.2.vcxproj", "{A53BEEDE-7A56-44CC-9903-AF9C2DDB1CAA}"
EndProject
Global
	GlobalSection(SolutionConfigurationPlatforms) = preSolution
		Debug|x64 = Debug|x64
		Debug|x86 = Debug|x86
		Release|x64 = Release|x64
		Release|x86 = Release|x86
	EndGlobalSection
	GlobalSection(ProjectConfigurationPlatforms) = postSolution
		{A53BEEDE-7A56-44CC-9903-AF9C2DDB1CAA}.Debug|x64.ActiveCfg = Debug|x64
		{A53BEEDE-7A56-44CC-9903-AF9C2DDB1CAA}.Debug|x64.Build.0 = Debug|x64
		{A53BEEDE-7A56-44CC-9903-AF9C2DDB1CAA}.Debug|x86.ActiveCfg = Debug|Win32
		{A53BEEDE-7A56-44CC-9903-AF9C2DDB1CAA}.Debug|x86.Build.0 = Debug|Win32
		{A53BEEDE-7A56-44CC-9903-AF9C2DDB1CAA}.Release|x64.ActiveCfg = Release|x64
		{A53BEEDE-7A56-44CC-9903-AF9C2DDB1CAA}.Release|x64.Build.0 = Release|x64
		{A53BEEDE-7A56-44CC-9903-AF9C2DDB1CAA}.Release|x86.ActiveCfg = Release|Win32
		{A53BEEDE-7A56-44CC-9903-AF9C2DDB1CAA}.Release|x86.Build.0 = Release|Win32
	EndGlobalSection
	GlobalSection(SolutionProperties) = preSolution
		HideSolutionNode = FALSE
	EndGlobalSection
	GlobalSection(ExtensibilityGlobals) = postSolution
		SolutionGuid = {C6AA45BB-D877-4B22-93E2-3B52434018A5}
	EndGlobalSection
EndGlobal
