
Microsoft Visual Studio Solution File, Format Version 12.00
# Visual Studio Version 17
VisualStudioVersion = 17.9.34714.143
MinimumVisualStudioVersion = 10.0.40219.1
Project("{8BC9CEB8-8B4A-11D0-8D11-00A0C91BC942}") = "ex5.11", "ex5.11.vcxproj", "{C3F2472A-3C19-4A54-8A7C-8ABC41438C45}"
EndProject
Global
	GlobalSection(SolutionConfigurationPlatforms) = preSolution
		Debug|x64 = Debug|x64
		Debug|x86 = Debug|x86
		Release|x64 = Release|x64
		Release|x86 = Release|x86
	EndGlobalSection
	GlobalSection(ProjectConfigurationPlatforms) = postSolution
		{C3F2472A-3C19-4A54-8A7C-8ABC41438C45}.Debug|x64.ActiveCfg = Debug|x64
		{C3F2472A-3C19-4A54-8A7C-8ABC41438C45}.Debug|x64.Build.0 = Debug|x64
		{C3F2472A-3C19-4A54-8A7C-8ABC41438C45}.Debug|x86.ActiveCfg = Debug|Win32
		{C3F2472A-3C19-4A54-8A7C-8ABC41438C45}.Debug|x86.Build.0 = Debug|Win32
		{C3F2472A-3C19-4A54-8A7C-8ABC41438C45}.Release|x64.ActiveCfg = Release|x64
		{C3F2472A-3C19-4A54-8A7C-8ABC41438C45}.Release|x64.Build.0 = Release|x64
		{C3F2472A-3C19-4A54-8A7C-8ABC41438C45}.Release|x86.ActiveCfg = Release|Win32
		{C3F2472A-3C19-4A54-8A7C-8ABC41438C45}.Release|x86.Build.0 = Release|Win32
	EndGlobalSection
	GlobalSection(SolutionProperties) = preSolution
		HideSolutionNode = FALSE
	EndGlobalSection
	GlobalSection(ExtensibilityGlobals) = postSolution
		SolutionGuid = {FCA643FE-42F4-4C52-9936-BD7F546A324C}
	EndGlobalSection
EndGlobal
