
Microsoft Visual Studio Solution File, Format Version 12.00
# Visual Studio Version 17
VisualStudioVersion = 17.9.34714.143
MinimumVisualStudioVersion = 10.0.40219.1
Project("{8BC9CEB8-8B4A-11D0-8D11-00A0C91BC942}") = "ex2.5", "ex2.5.vcxproj", "{ED5B16A9-18D1-416A-BC4F-8516057A9D95}"
EndProject
Global
	GlobalSection(SolutionConfigurationPlatforms) = preSolution
		Debug|x64 = Debug|x64
		Debug|x86 = Debug|x86
		Release|x64 = Release|x64
		Release|x86 = Release|x86
	EndGlobalSection
	GlobalSection(ProjectConfigurationPlatforms) = postSolution
		{ED5B16A9-18D1-416A-BC4F-8516057A9D95}.Debug|x64.ActiveCfg = Debug|x64
		{ED5B16A9-18D1-416A-BC4F-8516057A9D95}.Debug|x64.Build.0 = Debug|x64
		{ED5B16A9-18D1-416A-BC4F-8516057A9D95}.Debug|x86.ActiveCfg = Debug|Win32
		{ED5B16A9-18D1-416A-BC4F-8516057A9D95}.Debug|x86.Build.0 = Debug|Win32
		{ED5B16A9-18D1-416A-BC4F-8516057A9D95}.Release|x64.ActiveCfg = Release|x64
		{ED5B16A9-18D1-416A-BC4F-8516057A9D95}.Release|x64.Build.0 = Release|x64
		{ED5B16A9-18D1-416A-BC4F-8516057A9D95}.Release|x86.ActiveCfg = Release|Win32
		{ED5B16A9-18D1-416A-BC4F-8516057A9D95}.Release|x86.Build.0 = Release|Win32
	EndGlobalSection
	GlobalSection(SolutionProperties) = preSolution
		HideSolutionNode = FALSE
	EndGlobalSection
	GlobalSection(ExtensibilityGlobals) = postSolution
		SolutionGuid = {E33F2F28-DBA5-43EA-AE71-148AC593499F}
	EndGlobalSection
EndGlobal
